
Microsoft Visual Studio Solution File, Format Version 12.00
# Visual Studio 14
VisualStudioVersion = 14.0.23107.0
MinimumVisualStudioVersion = 10.0.40219.1
Project("{FAE04EC0-301F-11D3-BF4B-00C04F79EFBC}") = "Basic Serialization - Console", "Basic Serialization - Console\Basic Serialization - Console.csproj", "{5BCE2FA4-FB5D-47B3-9C19-CF091713D480}"
EndProject
Global
	GlobalSection(SolutionConfigurationPlatforms) = preSolution
		Debug|Any CPU = Debug|Any CPU
		Release|Any CPU = Release|Any CPU
	EndGlobalSection
	GlobalSection(ProjectConfigurationPlatforms) = postSolution
		{5BCE2FA4-FB5D-47B3-9C19-CF091713D480}.Debug|Any CPU.ActiveCfg = Debug|Any CPU
		{5BCE2FA4-FB5D-47B3-9C19-CF091713D480}.Debug|Any CPU.Build.0 = Debug|Any CPU
		{5BCE2FA4-FB5D-47B3-9C19-CF091713D480}.Release|Any CPU.ActiveCfg = Release|Any CPU
		{5BCE2FA4-FB5D-47B3-9C19-CF091713D480}.Release|Any CPU.Build.0 = Release|Any CPU
	EndGlobalSection
	GlobalSection(SolutionProperties) = preSolution
		HideSolutionNode = FALSE
	EndGlobalSection
EndGlobal
